DEPENDENCIES
  mosh
  newrelic
  zsh

GRAPH
  apt (2.7.0)
  build-essential (2.2.3)
  curl (2.0.1)
  mosh (0.4.0)
    apt (>= 0.0.0)
    yum (>= 0.0.0)
    yum-epel (>= 0.0.0)
  newrelic (2.13.0)
    apt (~> 2.0)
    curl (>= 0.0.0)
    python (>= 0.0.0)
    yum (~> 3.0)
  python (1.4.6)
    build-essential (>= 0.0.0)
    yum-epel (>= 0.0.0)
  yum (3.6.1)
  yum-epel (0.6.2)
    yum (~> 3.2)
  zsh (1.0.1)
